
Microsoft Visual Studio Solution File, Format Version 12.00
# Visual Studio 2013
VisualStudioVersion = 12.0.30501.0
MinimumVisualStudioVersion = 10.0.40219.1
Project("{2150E333-8FDC-42A3-9474-1A3956D46DE8}") = "Engine", "Engine", "{2AA7C950-CB59-4F14-B1A4-232F7BB7DA30}"
EndProject
Project("{2150E333-8FDC-42A3-9474-1A3956D46DE8}") = "Games", "Games", "{5A5FA9EE-9CE6-4DBF-B08C-D1864148F7BD}"
EndProject
Project("{8BC9CEB8-8B4A-11D0-8D11-00A0C91BC942}") = "Mothership", "Intermediate\ProjectFiles\Mothership.vcxproj", "{A254054E-8B12-4A7F-BBA4-943246EEA8C5}"
EndProject
Project("{8BC9CEB8-8B4A-11D0-8D11-00A0C91BC942}") = "UE4", "Intermediate\ProjectFiles\UE4.vcxproj", "{29AA5D54-7718-4F77-AC55-52390A36BEA8}"
EndProject
Global
	GlobalSection(SolutionConfigurationPlatforms) = preSolution
		DebugGame Editor|Windows = DebugGame Editor|Windows
		DebugGame|Windows = DebugGame|Windows
		Development Editor|Windows = Development Editor|Windows
		Development|Windows = Development|Windows
		Shipping|Windows = Shipping|Windows
	EndGlobalSection
	GlobalSection(ProjectConfigurationPlatforms) = postSolution
		{A254054E-8B12-4A7F-BBA4-943246EEA8C5}.DebugGame Editor|Windows.ActiveCfg = DebugGame_Editor|x64
		{A254054E-8B12-4A7F-BBA4-943246EEA8C5}.DebugGame Editor|Windows.Build.0 = DebugGame_Editor|x64
		{A254054E-8B12-4A7F-BBA4-943246EEA8C5}.DebugGame|Windows.ActiveCfg = DebugGame_Game|x64
		{A254054E-8B12-4A7F-BBA4-943246EEA8C5}.DebugGame|Windows.Build.0 = DebugGame_Game|x64
		{A254054E-8B12-4A7F-BBA4-943246EEA8C5}.Development Editor|Windows.ActiveCfg = Development_Editor|x64
		{A254054E-8B12-4A7F-BBA4-943246EEA8C5}.Development Editor|Windows.Build.0 = Development_Editor|x64
		{A254054E-8B12-4A7F-BBA4-943246EEA8C5}.Development|Windows.ActiveCfg = Development_Game|x64
		{A254054E-8B12-4A7F-BBA4-943246EEA8C5}.Development|Windows.Build.0 = Development_Game|x64
		{A254054E-8B12-4A7F-BBA4-943246EEA8C5}.Shipping|Windows.ActiveCfg = Shipping_Game|Win32
		{A254054E-8B12-4A7F-BBA4-943246EEA8C5}.Shipping|Windows.Build.0 = Shipping_Game|Win32
		{29AA5D54-7718-4F77-AC55-52390A36BEA8}.DebugGame Editor|Windows.ActiveCfg = BuiltWithUnrealBuildTool|Win32
		{29AA5D54-7718-4F77-AC55-52390A36BEA8}.DebugGame|Windows.ActiveCfg = BuiltWithUnrealBuildTool|Win32
		{29AA5D54-7718-4F77-AC55-52390A36BEA8}.Development Editor|Windows.ActiveCfg = BuiltWithUnrealBuildTool|Win32
		{29AA5D54-7718-4F77-AC55-52390A36BEA8}.Development|Windows.ActiveCfg = BuiltWithUnrealBuildTool|Win32
		{29AA5D54-7718-4F77-AC55-52390A36BEA8}.Shipping|Windows.ActiveCfg = BuiltWithUnrealBuildTool|Win32
	EndGlobalSection
	GlobalSection(SolutionProperties) = preSolution
		HideSolutionNode = FALSE
	EndGlobalSection
	GlobalSection(NestedProjects) = preSolution
		{A254054E-8B12-4A7F-BBA4-943246EEA8C5} = {5A5FA9EE-9CE6-4DBF-B08C-D1864148F7BD}
		{29AA5D54-7718-4F77-AC55-52390A36BEA8} = {2AA7C950-CB59-4F14-B1A4-232F7BB7DA30}
	EndGlobalSection
EndGlobal
