
Microsoft Visual Studio Solution File, Format Version 12.00
# Visual Studio 2013
Project("{2150E333-8FDC-42A3-9474-1A3956D46DE8}") = "Engine", "Engine", "{3A70A3E2-EAD4-4DDC-BC5F-EB64FCB29C83}"
EndProject
Project("{2150E333-8FDC-42A3-9474-1A3956D46DE8}") = "Games", "Games", "{F4FE6DF9-FF23-4962-BB24-64F6A4308205}"
EndProject
Project("{8BC9CEB8-8B4A-11D0-8D11-00A0C91BC942}") = "Mothership", "Intermediate\ProjectFiles\Mothership.vcxproj", "{A254054E-8B12-4A7F-BBA4-943246EEA8C5}"
	ProjectSection(ProjectDependencies) = postProject
	EndProjectSection
EndProject
Project("{8BC9CEB8-8B4A-11D0-8D11-00A0C91BC942}") = "UE4", "Intermediate\ProjectFiles\UE4.vcxproj", "{29AA5D54-7718-4F77-AC55-52390A36BEA8}"
EndProject
Global
	GlobalSection(SolutionConfigurationPlatforms) = preSolution
		DebugGame Editor|Windows = DebugGame Editor|Windows
		DebugGame|Windows = DebugGame|Windows
		Development Editor|Windows = Development Editor|Windows
		Development|Windows = Development|Windows
		Shipping|Windows = Shipping|Windows
	EndGlobalSection
	GlobalSection(ProjectConfigurationPlatforms) = postSolution
		{A254054E-8B12-4A7F-BBA4-943246EEA8C5}.DebugGame Editor|Windows.ActiveCfg = DebugGame_Editor|x64
		{A254054E-8B12-4A7F-BBA4-943246EEA8C5}.DebugGame Editor|Windows.Build.0 = DebugGame_Editor|x64
		{A254054E-8B12-4A7F-BBA4-943246EEA8C5}.DebugGame|Windows.ActiveCfg = DebugGame_Game|x64
		{A254054E-8B12-4A7F-BBA4-943246EEA8C5}.DebugGame|Windows.Build.0 = DebugGame_Game|x64
		{A254054E-8B12-4A7F-BBA4-943246EEA8C5}.Development Editor|Windows.ActiveCfg = Development_Editor|x64
		{A254054E-8B12-4A7F-BBA4-943246EEA8C5}.Development Editor|Windows.Build.0 = Development_Editor|x64
		{A254054E-8B12-4A7F-BBA4-943246EEA8C5}.Development|Windows.ActiveCfg = Development_Game|x64
		{A254054E-8B12-4A7F-BBA4-943246EEA8C5}.Development|Windows.Build.0 = Development_Game|x64
		{A254054E-8B12-4A7F-BBA4-943246EEA8C5}.Shipping|Windows.ActiveCfg = Shipping_Game|Win32
		{A254054E-8B12-4A7F-BBA4-943246EEA8C5}.Shipping|Windows.Build.0 = Shipping_Game|Win32
	EndGlobalSection
	GlobalSection(SolutionProperties) = preSolution
		HideSolutionNode = FALSE
	EndGlobalSection
	GlobalSection(NestedProjects) = preSolution
		{29AA5D54-7718-4F77-AC55-52390A36BEA8} = {3A70A3E2-EAD4-4DDC-BC5F-EB64FCB29C83}
		{A254054E-8B12-4A7F-BBA4-943246EEA8C5} = {F4FE6DF9-FF23-4962-BB24-64F6A4308205}
	EndGlobalSection
EndGlobal
